{
  "name": "scott",
  "version": "0.0.1",
  "lockfileVersion": 1,
  "requires": true,
  "dependencies": {
    "scott-plg": {
      "version": "0.0.1",
      "resolved": "https://registry.npmjs.org/scott-plg/-/scott-plg-0.0.1.tgz",
      "integrity": "sha512-FJ2ggyBDb/d97KfuYdvo5D65paeng80uxOHkg4FNaKmSxYk6JSopR+MgydDycI/0S36JaFZcSSe4rCGAJ4wPaw=="
    }
  }
}
